// !$*UTF8*$!
{
	archiveVersion = 1;
	classes = {
	};
	objectVersion = 46;
	objects = {

/* Begin PBXBuildFile section */
		5586F6C31902F9CF000F528E /* Cocoa.framework in Frameworks */ = {isa = PBXBuildFile; fileRef = 5586F6C21902F9CF000F528E /* Cocoa.framework */; };
		5586F6CD1902F9CF000F528E /* InfoPlist.strings in Resources */ = {isa = PBXBuildFile; fileRef = 5586F6CB1902F9CF000F528E /* InfoPlist.strings */; };
		5586F6CF1902F9CF000F528E /* main.m in Sources */ = {isa = PBXBuildFile; fileRef = 5586F6CE1902F9CF000F528E /* main.m */; };
		5586F6D31902F9CF000F528E /* Credits.rtf in Resources */ = {isa = PBXBuildFile; fileRef = 5586F6D11902F9CF000F528E /* Credits.rtf */; };
		5586F6D61902F9CF000F528E /* AppDelegate.m in Sources */ = {isa = PBXBuildFile; fileRef = 5586F6D51902F9CF000F528E /* AppDelegate.m */; };
		5586F6D91902F9CF000F528E /* MainMenu.xib in Resources */ = {isa = PBXBuildFile; fileRef = 5586F6D71902F9CF000F528E /* MainMenu.xib */; };
		5586F6DB1902F9CF000F528E /* Images.xcassets in Resources */ = {isa = PBXBuildFile; fileRef = 5586F6DA1902F9CF000F528E /* Images.xcassets */; };
		5586F6E21902F9CF000F528E /* XCTest.framework in Frameworks */ = {isa = PBXBuildFile; fileRef = 5586F6E11902F9CF000F528E /* XCTest.framework */; };
		5586F6E31902F9CF000F528E /* Cocoa.framework in Frameworks */ = {isa = PBXBuildFile; fileRef = 5586F6C21902F9CF000F528E /* Cocoa.framework */; };
		5586F6EB1902F9CF000F528E /* InfoPlist.strings in Resources */ = {isa = PBXBuildFile; fileRef = 5586F6E91902F9CF000F528E /* InfoPlist.strings */; };
		5586F6ED1902F9CF000F528E /* TV_MACTests.m in Sources */ = {isa = PBXBuildFile; fileRef = 5586F6EC1902F9CF000F528E /* TV_MACTests.m */; };
/* End PBXBuildFile section */

/* Begin PBXContainerItemProxy section */
		5586F6E41902F9CF000F528E /* PBXContainerItemProxy */ = {
			isa = PBXContainerItemProxy;
			containerPortal = 5586F6B71902F9CF000F528E /* Project object */;
			proxyType = 1;
			remoteGlobalIDString = 5586F6BE1902F9CF000F528E;
			remoteInfo = "TV MAC";
		};
/* End PBXContainerItemProxy section */

/* Begin PBXFileReference section */
		5586F6BF1902F9CF000F528E /* TV MAC.app */ = {isa = PBXFileReference; explicitFileType = wrapper.application; includeInIndex = 0; path = "TV MAC.app"; sourceTree = BUILT_PRODUCTS_DIR; };
		5586F6C21902F9CF000F528E /* Cocoa.framework */ = {isa = PBXFileReference; lastKnownFileType = wrapper.framework; name = Cocoa.framework; path = System/Library/Frameworks/Cocoa.framework; sourceTree = SDKROOT; };
		5586F6C51902F9CF000F528E /* AppKit.framework */ = {isa = PBXFileReference; lastKnownFileType = wrapper.framework; name = AppKit.framework; path = System/Library/Frameworks/AppKit.framework; sourceTree = SDKROOT; };
		5586F6C61902F9CF000F528E /* CoreData.framework */ = {isa = PBXFileReference; lastKnownFileType = wrapper.framework; name = CoreData.framework; path = System/Library/Frameworks/CoreData.framework; sourceTree = SDKROOT; };
		5586F6C71902F9CF000F528E /* Foundation.framework */ = {isa = PBXFileReference; lastKnownFileType = wrapper.framework; name = Foundation.framework; path = System/Library/Frameworks/Foundation.framework; sourceTree = SDKROOT; };
		5586F6CA1902F9CF000F528E /* TV MAC-Info.plist */ = {isa = PBXFileReference; lastKnownFileType = text.plist.xml; path = "TV MAC-Info.plist"; sourceTree = "<group>"; };
		5586F6CC1902F9CF000F528E /* en */ = {isa = PBXFileReference; lastKnownFileType = text.plist.strings; name = en; path = en.lproj/InfoPlist.strings; sourceTree = "<group>"; };
		5586F6CE1902F9CF000F528E /* main.m */ = {isa = PBXFileReference; lastKnownFileType = sourcecode.c.objc; path = main.m; sourceTree = "<group>"; };
		5586F6D01902F9CF000F528E /* TV MAC-Prefix.pch */ = {isa = PBXFileReference; lastKnownFileType = sourcecode.c.h; path = "TV MAC-Prefix.pch"; sourceTree = "<group>"; };
		5586F6D21902F9CF000F528E /* en */ = {isa = PBXFileReference; lastKnownFileType = text.rtf; name = en; path = en.lproj/Credits.rtf; sourceTree = "<group>"; };
		5586F6D41902F9CF000F528E /* AppDelegate.h */ = {isa = PBXFileReference; lastKnownFileType = sourcecode.c.h; path = AppDelegate.h; sourceTree = "<group>"; };
		5586F6D51902F9CF000F528E /* AppDelegate.m */ = {isa = PBXFileReference; lastKnownFileType = sourcecode.c.objc; path = AppDelegate.m; sourceTree = "<group>"; };
		5586F6D81902F9CF000F528E /* Base */ = {isa = PBXFileReference; lastKnownFileType = file.xib; name = Base; path = Base.lproj/MainMenu.xib; sourceTree = "<group>"; };
		5586F6DA1902F9CF000F528E /* Images.xcassets */ = {isa = PBXFileReference; lastKnownFileType = folder.assetcatalog; path = Images.xcassets; sourceTree = "<group>"; };
		5586F6E01902F9CF000F528E /* TV MACTests.xctest */ = {isa = PBXFileReference; explicitFileType = wrapper.cfbundle; includeInIndex = 0; path = "TV MACTests.xctest"; sourceTree = BUILT_PRODUCTS_DIR; };
		5586F6E11902F9CF000F528E /* XCTest.framework */ = {isa = PBXFileReference; lastKnownFileType = wrapper.framework; name = XCTest.framework; path = Library/Frameworks/XCTest.framework; sourceTree = DEVELOPER_DIR; };
		5586F6E81902F9CF000F528E /* TV MACTests-Info.plist */ = {isa = PBXFileReference; lastKnownFileType = text.plist.xml; path = "TV MACTests-Info.plist"; sourceTree = "<group>"; };
		5586F6EA1902F9CF000F528E /* en */ = {isa = PBXFileReference; lastKnownFileType = text.plist.strings; name = en; path = en.lproj/InfoPlist.strings; sourceTree = "<group>"; };
		5586F6EC1902F9CF000F528E /* TV_MACTests.m */ = {isa = PBXFileReference; lastKnownFileType = sourcecode.c.objc; path = TV_MACTests.m; sourceTree = "<group>"; };
/* End PBXFileReference section */

/* Begin PBXFrameworksBuildPhase section */
		5586F6BC1902F9CF000F528E /* Frameworks */ = {
			isa = PBXFrameworksBuildPhase;
			buildActionMask = 2147483647;
			files = (
				5586F6C31902F9CF000F528E /* Cocoa.framework in Frameworks */,
			);
			runOnlyForDeploymentPostprocessing = 0;
		};
		5586F6DD1902F9CF000F528E /* Frameworks */ = {
			isa = PBXFrameworksBuildPhase;
			buildActionMask = 2147483647;
			files = (
				5586F6E31902F9CF000F528E /* Cocoa.framework in Frameworks */,
				5586F6E21902F9CF000F528E /* XCTest.framework in Frameworks */,
			);
			runOnlyForDeploymentPostprocessing = 0;
		};
/* End PBXFrameworksBuildPhase section */

/* Begin PBXGroup section */
		5586F6B61902F9CF000F528E = {
			isa = PBXGroup;
			children = (
				5586F6C81902F9CF000F528E /* TV MAC */,
				5586F6E61902F9CF000F528E /* TV MACTests */,
				5586F6C11902F9CF000F528E /* Frameworks */,
				5586F6C01902F9CF000F528E /* Products */,
			);
			sourceTree = "<group>";
		};
		5586F6C01902F9CF000F528E /* Products */ = {
			isa = PBXGroup;
			children = (
				5586F6BF1902F9CF000F528E /* TV MAC.app */,
				5586F6E01902F9CF000F528E /* TV MACTests.xctest */,
			);
			name = Products;
			sourceTree = "<group>";
		};
		5586F6C11902F9CF000F528E /* Frameworks */ = {
			isa = PBXGroup;
			children = (
				5586F6C21902F9CF000F528E /* Cocoa.framework */,
				5586F6E11902F9CF000F528E /* XCTest.framework */,
				5586F6C41902F9CF000F528E /* Other Frameworks */,
			);
			name = Frameworks;
			sourceTree = "<group>";
		};
		5586F6C41902F9CF000F528E /* Other Frameworks */ = {
			isa = PBXGroup;
			children = (
				5586F6C51902F9CF000F528E /* AppKit.framework */,
				5586F6C61902F9CF000F528E /* CoreData.framework */,
				5586F6C71902F9CF000F528E /* Foundation.framework */,
			);
			name = "Other Frameworks";
			sourceTree = "<group>";
		};
		5586F6C81902F9CF000F528E /* TV MAC */ = {
			isa = PBXGroup;
			children = (
				5586F6D41902F9CF000F528E /* AppDelegate.h */,
				5586F6D51902F9CF000F528E /* AppDelegate.m */,
				5586F6D71902F9CF000F528E /* MainMenu.xib */,
				5586F6DA1902F9CF000F528E /* Images.xcassets */,
				5586F6C91902F9CF000F528E /* Supporting Files */,
			);
			path = "TV MAC";
			sourceTree = "<group>";
		};
		5586F6C91902F9CF000F528E /* Supporting Files */ = {
			isa = PBXGroup;
			children = (
				5586F6CA1902F9CF000F528E /* TV MAC-Info.plist */,
				5586F6CB1902F9CF000F528E /* InfoPlist.strings */,
				5586F6CE1902F9CF000F528E /* main.m */,
				5586F6D01902F9CF000F528E /* TV MAC-Prefix.pch */,
				5586F6D11902F9CF000F528E /* Credits.rtf */,
			);
			name = "Supporting Files";
			sourceTree = "<group>";
		};
		5586F6E61902F9CF000F528E /* TV MACTests */ = {
			isa = PBXGroup;
			children = (
				5586F6EC1902F9CF000F528E /* TV_MACTests.m */,
				5586F6E71902F9CF000F528E /* Supporting Files */,
			);
			path = "TV MACTests";
			sourceTree = "<group>";
		};
		5586F6E71902F9CF000F528E /* Supporting Files */ = {
			isa = PBXGroup;
			children = (
				5586F6E81902F9CF000F528E /* TV MACTests-Info.plist */,
				5586F6E91902F9CF000F528E /* InfoPlist.strings */,
			);
			name = "Supporting Files";
			sourceTree = "<group>";
		};
/* End PBXGroup section */

/* Begin PBXNativeTarget section */
		5586F6BE1902F9CF000F528E /* TV MAC */ = {
			isa = PBXNativeTarget;
			buildConfigurationList = 5586F6F01902F9CF000F528E /* Build configuration list for PBXNativeTarget "TV MAC" */;
			buildPhases = (
				5586F6BB1902F9CF000F528E /* Sources */,
				5586F6BC1902F9CF000F528E /* Frameworks */,
				5586F6BD1902F9CF000F528E /* Resources */,
			);
			buildRules = (
			);
			dependencies = (
			);
			name = "TV MAC";
			productName = "TV MAC";
			productReference = 5586F6BF1902F9CF000F528E /* TV MAC.app */;
			productType = "com.apple.product-type.application";
		};
		5586F6DF1902F9CF000F528E /* TV MACTests */ = {
			isa = PBXNativeTarget;
			buildConfigurationList = 5586F6F31902F9CF000F528E /* Build configuration list for PBXNativeTarget "TV MACTests" */;
			buildPhases = (
				5586F6DC1902F9CF000F528E /* Sources */,
				5586F6DD1902F9CF000F528E /* Frameworks */,
				5586F6DE1902F9CF000F528E /* Resources */,
			);
			buildRules = (
			);
			dependencies = (
				5586F6E51902F9CF000F528E /* PBXTargetDependency */,
			);
			name = "TV MACTests";
			productName = "TV MACTests";
			productReference = 5586F6E01902F9CF000F528E /* TV MACTests.xctest */;
			productType = "com.apple.product-type.bundle.unit-test";
		};
/* End PBXNativeTarget section */

/* Begin PBXProject section */
		5586F6B71902F9CF000F528E /* Project object */ = {
			isa = PBXProject;
			attributes = {
				LastUpgradeCheck = 0510;
				ORGANIZATIONNAME = "Oscar Salas Mestres";
				TargetAttributes = {
					5586F6DF1902F9CF000F528E = {
						TestTargetID = 5586F6BE1902F9CF000F528E;
					};
				};
			};
			buildConfigurationList = 5586F6BA1902F9CF000F528E /* Build configuration list for PBXProject "TV MAC" */;
			compatibilityVersion = "Xcode 3.2";
			developmentRegion = English;
			hasScannedForEncodings = 0;
			knownRegions = (
				en,
				Base,
			);
			mainGroup = 5586F6B61902F9CF000F528E;
			productRefGroup = 5586F6C01902F9CF000F528E /* Products */;
			projectDirPath = "";
			projectRoot = "";
			targets = (
				5586F6BE1902F9CF000F528E /* TV MAC */,
				5586F6DF1902F9CF000F528E /* TV MACTests */,
			);
		};
/* End PBXProject section */

/* Begin PBXResourcesBuildPhase section */
		5586F6BD1902F9CF000F528E /* Resources */ = {
			isa = PBXResourcesBuildPhase;
			buildActionMask = 2147483647;
			files = (
				5586F6CD1902F9CF000F528E /* InfoPlist.strings in Resources */,
				5586F6DB1902F9CF000F528E /* Images.xcassets in Resources */,
				5586F6D31902F9CF000F528E /* Credits.rtf in Resources */,
				5586F6D91902F9CF000F528E /* MainMenu.xib in Resources */,
			);
			runOnlyForDeploymentPostprocessing = 0;
		};
		5586F6DE1902F9CF000F528E /* Resources */ = {
			isa = PBXResourcesBuildPhase;
			buildActionMask = 2147483647;
			files = (
				5586F6EB1902F9CF000F528E /* InfoPlist.strings in Resources */,
			);
			runOnlyForDeploymentPostprocessing = 0;
		};
/* End PBXResourcesBuildPhase section */

/* Begin PBXSourcesBuildPhase section */
		5586F6BB1902F9CF000F528E /* Sources */ = {
			isa = PBXSourcesBuildPhase;
			buildActionMask = 2147483647;
			files = (
				5586F6D61902F9CF000F528E /* AppDelegate.m in Sources */,
				5586F6CF1902F9CF000F528E /* main.m in Sources */,
			);
			runOnlyForDeploymentPostprocessing = 0;
		};
		5586F6DC1902F9CF000F528E /* Sources */ = {
			isa = PBXSourcesBuildPhase;
			buildActionMask = 2147483647;
			files = (
				5586F6ED1902F9CF000F528E /* TV_MACTests.m in Sources */,
			);
			runOnlyForDeploymentPostprocessing = 0;
		};
/* End PBXSourcesBuildPhase section */

/* Begin PBXTargetDependency section */
		5586F6E51902F9CF000F528E /* PBXTargetDependency */ = {
			isa = PBXTargetDependency;
			target = 5586F6BE1902F9CF000F528E /* TV MAC */;
			targetProxy = 5586F6E41902F9CF000F528E /* PBXContainerItemProxy */;
		};
/* End PBXTargetDependency section */

/* Begin PBXVariantGroup section */
		5586F6CB1902F9CF000F528E /* InfoPlist.strings */ = {
			isa = PBXVariantGroup;
			children = (
				5586F6CC1902F9CF000F528E /* en */,
			);
			name = InfoPlist.strings;
			sourceTree = "<group>";
		};
		5586F6D11902F9CF000F528E /* Credits.rtf */ = {
			isa = PBXVariantGroup;
			children = (
				5586F6D21902F9CF000F528E /* en */,
			);
			name = Credits.rtf;
			sourceTree = "<group>";
		};
		5586F6D71902F9CF000F528E /* MainMenu.xib */ = {
			isa = PBXVariantGroup;
			children = (
				5586F6D81902F9CF000F528E /* Base */,
			);
			name = MainMenu.xib;
			sourceTree = "<group>";
		};
		5586F6E91902F9CF000F528E /* InfoPlist.strings */ = {
			isa = PBXVariantGroup;
			children = (
				5586F6EA1902F9CF000F528E /* en */,
			);
			name = InfoPlist.strings;
			sourceTree = "<group>";
		};
/* End PBXVariantGroup section */

/* Begin XCBuildConfiguration section */
		5586F6EE1902F9CF000F528E /* Debug */ = {
			isa = XCBuildConfiguration;
			buildSettings = {
				ALWAYS_SEARCH_USER_PATHS = NO;
				CLANG_CXX_LANGUAGE_STANDARD = "gnu++0x";
				CLANG_CXX_LIBRARY = "libc++";
				CLANG_ENABLE_MODULES = YES;
				CLANG_ENABLE_OBJC_ARC = YES;
				CLANG_WARN_BOOL_CONVERSION = YES;
				CLANG_WARN_CONSTANT_CONVERSION = YES;
				CLANG_WARN_DIRECT_OBJC_ISA_USAGE = YES_ERROR;
				CLANG_WARN_EMPTY_BODY = YES;
				CLANG_WARN_ENUM_CONVERSION = YES;
				CLANG_WARN_INT_CONVERSION = YES;
				CLANG_WARN_OBJC_ROOT_CLASS = YES_ERROR;
				CLANG_WARN__DUPLICATE_METHOD_MATCH = YES;
				COPY_PHASE_STRIP = NO;
				GCC_C_LANGUAGE_STANDARD = gnu99;
				GCC_DYNAMIC_NO_PIC = NO;
				GCC_ENABLE_OBJC_EXCEPTIONS = YES;
				GCC_OPTIMIZATION_LEVEL = 0;
				GCC_PREPROCESSOR_DEFINITIONS = (
					"DEBUG=1",
					"$(inherited)",
				);
				GCC_SYMBOLS_PRIVATE_EXTERN = NO;
				GCC_WARN_64_TO_32_BIT_CONVERSION = YES;
				GCC_WARN_ABOUT_RETURN_TYPE = YES_ERROR;
				GCC_WARN_UNDECLARED_SELECTOR = YES;
				GCC_WARN_UNINITIALIZED_AUTOS = YES_AGGRESSIVE;
				GCC_WARN_UNUSED_FUNCTION = YES;
				GCC_WARN_UNUSED_VARIABLE = YES;
				MACOSX_DEPLOYMENT_TARGET = 10.9;
				ONLY_ACTIVE_ARCH = YES;
				SDKROOT = macosx;
			};
			name = Debug;
		};
		5586F6EF1902F9CF000F528E /* Release */ = {
			isa = XCBuildConfiguration;
			buildSettings = {
				ALWAYS_SEARCH_USER_PATHS = NO;
				CLANG_CXX_LANGUAGE_STANDARD = "gnu++0x";
				CLANG_CXX_LIBRARY = "libc++";
				CLANG_ENABLE_MODULES = YES;
				CLANG_ENABLE_OBJC_ARC = YES;
				CLANG_WARN_BOOL_CONVERSION = YES;
				CLANG_WARN_CONSTANT_CONVERSION = YES;
				CLANG_WARN_DIRECT_OBJC_ISA_USAGE = YES_ERROR;
				CLANG_WARN_EMPTY_BODY = YES;
				CLANG_WARN_ENUM_CONVERSION = YES;
				CLANG_WARN_INT_CONVERSION = YES;
				CLANG_WARN_OBJC_ROOT_CLASS = YES_ERROR;
				CLANG_WARN__DUPLICATE_METHOD_MATCH = YES;
				COPY_PHASE_STRIP = YES;
				DEBUG_INFORMATION_FORMAT = "dwarf-with-dsym";
				ENABLE_NS_ASSERTIONS = NO;
				GCC_C_LANGUAGE_STANDARD = gnu99;
				GCC_ENABLE_OBJC_EXCEPTIONS = YES;
				GCC_WARN_64_TO_32_BIT_CONVERSION = YES;
				GCC_WARN_ABOUT_RETURN_TYPE = YES_ERROR;
				GCC_WARN_UNDECLARED_SELECTOR = YES;
				GCC_WARN_UNINITIALIZED_AUTOS = YES_AGGRESSIVE;
				GCC_WARN_UNUSED_FUNCTION = YES;
				GCC_WARN_UNUSED_VARIABLE = YES;
				MACOSX_DEPLOYMENT_TARGET = 10.9;
				SDKROOT = macosx;
			};
			name = Release;
		};
		5586F6F11902F9CF000F528E /* Debug */ = {
			isa = XCBuildConfiguration;
			buildSettings = {
				ASSETCATALOG_COMPILER_APPICON_NAME = AppIcon;
				COMBINE_HIDPI_IMAGES = YES;
				GCC_PRECOMPILE_PREFIX_HEADER = YES;
				GCC_PREFIX_HEADER = "TV MAC/TV MAC-Prefix.pch";
				INFOPLIST_FILE = "TV MAC/TV MAC-Info.plist";
				PRODUCT_NAME = "$(TARGET_NAME)";
				WRAPPER_EXTENSION = app;
			};
			name = Debug;
		};
		5586F6F21902F9CF000F528E /* Release */ = {
			isa = XCBuildConfiguration;
			buildSettings = {
				ASSETCATALOG_COMPILER_APPICON_NAME = AppIcon;
				COMBINE_HIDPI_IMAGES = YES;
				GCC_PRECOMPILE_PREFIX_HEADER = YES;
				GCC_PREFIX_HEADER = "TV MAC/TV MAC-Prefix.pch";
				INFOPLIST_FILE = "TV MAC/TV MAC-Info.plist";
				PRODUCT_NAME = "$(TARGET_NAME)";
				WRAPPER_EXTENSION = app;
			};
			name = Release;
		};
		5586F6F41902F9CF000F528E /* Debug */ = {
			isa = XCBuildConfiguration;
			buildSettings = {
				BUNDLE_LOADER = "$(BUILT_PRODUCTS_DIR)/TV MAC.app/Contents/MacOS/TV MAC";
				COMBINE_HIDPI_IMAGES = YES;
				FRAMEWORK_SEARCH_PATHS = (
					"$(DEVELOPER_FRAMEWORKS_DIR)",
					"$(inherited)",
				);
				GCC_PRECOMPILE_PREFIX_HEADER = YES;
				GCC_PREFIX_HEADER = "TV MAC/TV MAC-Prefix.pch";
				GCC_PREPROCESSOR_DEFINITIONS = (
					"DEBUG=1",
					"$(inherited)",
				);
				INFOPLIST_FILE = "TV MACTests/TV MACTests-Info.plist";
				PRODUCT_NAME = "$(TARGET_NAME)";
				TEST_HOST = "$(BUNDLE_LOADER)";
				WRAPPER_EXTENSION = xctest;
			};
			name = Debug;
		};
		5586F6F51902F9CF000F528E /* Release */ = {
			isa = XCBuildConfiguration;
			buildSettings = {
				BUNDLE_LOADER = "$(BUILT_PRODUCTS_DIR)/TV MAC.app/Contents/MacOS/TV MAC";
				COMBINE_HIDPI_IMAGES = YES;
				FRAMEWORK_SEARCH_PATHS = (
					"$(DEVELOPER_FRAMEWORKS_DIR)",
					"$(inherited)",
				);
				GCC_PRECOMPILE_PREFIX_HEADER = YES;
				GCC_PREFIX_HEADER = "TV MAC/TV MAC-Prefix.pch";
				INFOPLIST_FILE = "TV MACTests/TV MACTests-Info.plist";
				PRODUCT_NAME = "$(TARGET_NAME)";
				TEST_HOST = "$(BUNDLE_LOADER)";
				WRAPPER_EXTENSION = xctest;
			};
			name = Release;
		};
/* End XCBuildConfiguration section */

/* Begin XCConfigurationList section */
		5586F6BA1902F9CF000F528E /* Build configuration list for PBXProject "TV MAC" */ = {
			isa = XCConfigurationList;
			buildConfigurations = (
				5586F6EE1902F9CF000F528E /* Debug */,
				5586F6EF1902F9CF000F528E /* Release */,
			);
			defaultConfigurationIsVisible = 0;
			defaultConfigurationName = Release;
		};
		5586F6F01902F9CF000F528E /* Build configuration list for PBXNativeTarget "TV MAC" */ = {
			isa = XCConfigurationList;
			buildConfigurations = (
				5586F6F11902F9CF000F528E /* Debug */,
				5586F6F21902F9CF000F528E /* Release */,
			);
			defaultConfigurationIsVisible = 0;
		};
		5586F6F31902F9CF000F528E /* Build configuration list for PBXNativeTarget "TV MACTests" */ = {
			isa = XCConfigurationList;
			buildConfigurations = (
				5586F6F41902F9CF000F528E /* Debug */,
				5586F6F51902F9CF000F528E /* Release */,
			);
			defaultConfigurationIsVisible = 0;
		};
/* End XCConfigurationList section */
	};
	rootObject = 5586F6B71902F9CF000F528E /* Project object */;
}
